
Microsoft Visual Studio Solution File, Format Version 12.00
# Visual Studio Version 16
VisualStudioVersion = 16.0.29728.190
MinimumVisualStudioVersion = 10.0.40219.1
Project("{FAE04EC0-301F-11D3-BF4B-00C04F79EFBC}") = "WebApplication-test-001130", "WebApplication-test-001130.csproj", "{D872DC46-CBAB-44F9-96B6-55A95A81C279}"
EndProject
Global
	GlobalSection(SolutionConfigurationPlatforms) = preSolution
		Debug|Any CPU = Debug|Any CPU
		Release|Any CPU = Release|Any CPU
	EndGlobalSection
	GlobalSection(ProjectConfigurationPlatforms) = postSolution
		{D872DC46-CBAB-44F9-96B6-55A95A81C279}.Debug|Any CPU.ActiveCfg = Debug|Any CPU
		{D872DC46-CBAB-44F9-96B6-55A95A81C279}.Debug|Any CPU.Build.0 = Debug|Any CPU
		{D872DC46-CBAB-44F9-96B6-55A95A81C279}.Release|Any CPU.ActiveCfg = Release|Any CPU
		{D872DC46-CBAB-44F9-96B6-55A95A81C279}.Release|Any CPU.Build.0 = Release|Any CPU
	EndGlobalSection
	GlobalSection(SolutionProperties) = preSolution
		HideSolutionNode = FALSE
	EndGlobalSection
	GlobalSection(ExtensibilityGlobals) = postSolution
		SolutionGuid = {B239B5AA-ED32-4802-9D82-856FF89024AE}
	EndGlobalSection
EndGlobal
